
Microsoft Visual Studio Solution File, Format Version 12.00
# Visual Studio Version 17
VisualStudioVersion = 17.5.002.0
MinimumVisualStudioVersion = 10.0.40219.1
Project("{FAE04EC0-301F-11D3-BF4B-00C04F79EFBC}") = "Domain", "Domain\Domain.csproj", "{56DAC9BE-48D2-4F8A-AC3E-3CAA8346A64E}"
EndProject
Project("{FAE04EC0-301F-11D3-BF4B-00C04F79EFBC}") = "Application", "Application\Application.csproj", "{FE7CE381-AE74-480B-83C3-89FE3B503865}"
EndProject
Project("{2150E333-8FDC-42A3-9474-1A3956D46DE8}") = "Solution Items", "Solution Items", "{00DF581A-BC11-489F-81F5-3AAD88B2D4FA}"
EndProject
Project("{FAE04EC0-301F-11D3-BF4B-00C04F79EFBC}") = "Infrastructure", "Infrastructure\Infrastructure.csproj", "{7CD1AD05-A0E5-40FD-B611-64BE1799DB83}"
EndProject
Project("{FAE04EC0-301F-11D3-BF4B-00C04F79EFBC}") = "Presentation", "Presentation\Presentation.csproj", "{500F1734-1707-4F0B-8230-FB48DF5A7E0D}"
EndProject
Project("{FAE04EC0-301F-11D3-BF4B-00C04F79EFBC}") = "WebApi", "WebApi\WebApi.csproj", "{0B5CB3B1-5F7E-49A9-963B-01F86A95C284}"
EndProject
Global
	GlobalSection(SolutionConfigurationPlatforms) = preSolution
		Debug|Any CPU = Debug|Any CPU
		Release|Any CPU = Release|Any CPU
	EndGlobalSection
	GlobalSection(ProjectConfigurationPlatforms) = postSolution
		{56DAC9BE-48D2-4F8A-AC3E-3CAA8346A64E}.Debug|Any CPU.ActiveCfg = Debug|Any CPU
		{56DAC9BE-48D2-4F8A-AC3E-3CAA8346A64E}.Debug|Any CPU.Build.0 = Debug|Any CPU
		{56DAC9BE-48D2-4F8A-AC3E-3CAA8346A64E}.Release|Any CPU.ActiveCfg = Release|Any CPU
		{56DAC9BE-48D2-4F8A-AC3E-3CAA8346A64E}.Release|Any CPU.Build.0 = Release|Any CPU
		{FE7CE381-AE74-480B-83C3-89FE3B503865}.Debug|Any CPU.ActiveCfg = Debug|Any CPU
		{FE7CE381-AE74-480B-83C3-89FE3B503865}.Debug|Any CPU.Build.0 = Debug|Any CPU
		{FE7CE381-AE74-480B-83C3-89FE3B503865}.Release|Any CPU.ActiveCfg = Release|Any CPU
		{FE7CE381-AE74-480B-83C3-89FE3B503865}.Release|Any CPU.Build.0 = Release|Any CPU
		{7CD1AD05-A0E5-40FD-B611-64BE1799DB83}.Debug|Any CPU.ActiveCfg = Debug|Any CPU
		{7CD1AD05-A0E5-40FD-B611-64BE1799DB83}.Debug|Any CPU.Build.0 = Debug|Any CPU
		{7CD1AD05-A0E5-40FD-B611-64BE1799DB83}.Release|Any CPU.ActiveCfg = Release|Any CPU
		{7CD1AD05-A0E5-40FD-B611-64BE1799DB83}.Release|Any CPU.Build.0 = Release|Any CPU
		{500F1734-1707-4F0B-8230-FB48DF5A7E0D}.Debug|Any CPU.ActiveCfg = Debug|Any CPU
		{500F1734-1707-4F0B-8230-FB48DF5A7E0D}.Debug|Any CPU.Build.0 = Debug|Any CPU
		{500F1734-1707-4F0B-8230-FB48DF5A7E0D}.Release|Any CPU.ActiveCfg = Release|Any CPU
		{500F1734-1707-4F0B-8230-FB48DF5A7E0D}.Release|Any CPU.Build.0 = Release|Any CPU
		{0B5CB3B1-5F7E-49A9-963B-01F86A95C284}.Debug|Any CPU.ActiveCfg = Debug|Any CPU
		{0B5CB3B1-5F7E-49A9-963B-01F86A95C284}.Debug|Any CPU.Build.0 = Debug|Any CPU
		{0B5CB3B1-5F7E-49A9-963B-01F86A95C284}.Release|Any CPU.ActiveCfg = Release|Any CPU
		{0B5CB3B1-5F7E-49A9-963B-01F86A95C284}.Release|Any CPU.Build.0 = Release|Any CPU
	EndGlobalSection
	GlobalSection(SolutionProperties) = preSolution
		HideSolutionNode = FALSE
	EndGlobalSection
	GlobalSection(ExtensibilityGlobals) = postSolution
		SolutionGuid = {F3D3EB29-57D2-4FAE-A661-9F7102F87F42}
	EndGlobalSection
EndGlobal
